
Microsoft Visual Studio Solution File, Format Version 12.00
# Visual Studio Version 17
VisualStudioVersion = 17.11.35327.3
MinimumVisualStudioVersion = 10.0.40219.1
Project("{FAE04EC0-301F-11D3-BF4B-00C04F79EFBC}") = "examen15102024DanieldelaCruz", "examen15102024\examen15102024DanieldelaCruz.csproj", "{97713E71-2F6A-4EBF-9D0F-DB6067660A7A}"
EndProject
Global
	GlobalSection(SolutionConfigurationPlatforms) = preSolution
		Debug|Any CPU = Debug|Any CPU
		Release|Any CPU = Release|Any CPU
	EndGlobalSection
	GlobalSection(ProjectConfigurationPlatforms) = postSolution
		{97713E71-2F6A-4EBF-9D0F-DB6067660A7A}.Debug|Any CPU.ActiveCfg = Debug|Any CPU
		{97713E71-2F6A-4EBF-9D0F-DB6067660A7A}.Debug|Any CPU.Build.0 = Debug|Any CPU
		{97713E71-2F6A-4EBF-9D0F-DB6067660A7A}.Release|Any CPU.ActiveCfg = Release|Any CPU
		{97713E71-2F6A-4EBF-9D0F-DB6067660A7A}.Release|Any CPU.Build.0 = Release|Any CPU
	EndGlobalSection
	GlobalSection(SolutionProperties) = preSolution
		HideSolutionNode = FALSE
	EndGlobalSection
	GlobalSection(ExtensibilityGlobals) = postSolution
		SolutionGuid = {C31D54FA-D5E9-4969-98ED-4E782DB9323B}
	EndGlobalSection
EndGlobal
